
Microsoft Visual Studio Solution File, Format Version 12.00
# Visual Studio Version 17
VisualStudioVersion = 17.4.33403.182
MinimumVisualStudioVersion = 10.0.40219.1
Project("{9A19103F-16F7-4668-BE54-9A1E7A4F7556}") = "Lab29", "Lab29.csproj", "{9AFAAE4F-B114-4694-A694-5CA207A8C93D}"
EndProject
Global
	GlobalSection(SolutionConfigurationPlatforms) = preSolution
		Debug|Any CPU = Debug|Any CPU
		Release|Any CPU = Release|Any CPU
	EndGlobalSection
	GlobalSection(ProjectConfigurationPlatforms) = postSolution
		{9AFAAE4F-B114-4694-A694-5CA207A8C93D}.Debug|Any CPU.ActiveCfg = Debug|Any CPU
		{9AFAAE4F-B114-4694-A694-5CA207A8C93D}.Debug|Any CPU.Build.0 = Debug|Any CPU
		{9AFAAE4F-B114-4694-A694-5CA207A8C93D}.Release|Any CPU.ActiveCfg = Release|Any CPU
		{9AFAAE4F-B114-4694-A694-5CA207A8C93D}.Release|Any CPU.Build.0 = Release|Any CPU
	EndGlobalSection
	GlobalSection(SolutionProperties) = preSolution
		HideSolutionNode = FALSE
	EndGlobalSection
	GlobalSection(ExtensibilityGlobals) = postSolution
		SolutionGuid = {C5DF72C1-2F50-4C8B-BC8D-2A31A366867C}
	EndGlobalSection
EndGlobal
